
Microsoft Visual Studio Solution File, Format Version 12.00
# Visual Studio 15
VisualStudioVersion = 15.0.28010.2048
MinimumVisualStudioVersion = 10.0.40219.1
Project("{FAE04EC0-301F-11D3-BF4B-00C04F79EFBC}") = "GB1Lesson3", "GB1Lesson3\GB1Lesson3.csproj", "{935B11F5-C7D8-40AA-8536-B73DB386C94F}"
EndProject
Global
	GlobalSection(SolutionConfigurationPlatforms) = preSolution
		Debug|Any CPU = Debug|Any CPU
		Release|Any CPU = Release|Any CPU
	EndGlobalSection
	GlobalSection(ProjectConfigurationPlatforms) = postSolution
		{935B11F5-C7D8-40AA-8536-B73DB386C94F}.Debug|Any CPU.ActiveCfg = Debug|Any CPU
		{935B11F5-C7D8-40AA-8536-B73DB386C94F}.Debug|Any CPU.Build.0 = Debug|Any CPU
		{935B11F5-C7D8-40AA-8536-B73DB386C94F}.Release|Any CPU.ActiveCfg = Release|Any CPU
		{935B11F5-C7D8-40AA-8536-B73DB386C94F}.Release|Any CPU.Build.0 = Release|Any CPU
	EndGlobalSection
	GlobalSection(SolutionProperties) = preSolution
		HideSolutionNode = FALSE
	EndGlobalSection
	GlobalSection(ExtensibilityGlobals) = postSolution
		SolutionGuid = {3103B8A5-D03C-4A56-BC29-44FBF37614B2}
	EndGlobalSection
EndGlobal
