
Microsoft Visual Studio Solution File, Format Version 12.00
# Visual Studio 15
VisualStudioVersion = 15.0.28010.2048
MinimumVisualStudioVersion = 10.0.40219.1
Project("{FAE04EC0-301F-11D3-BF4B-00C04F79EFBC}") = "GB1Lesson6", "GB1Lesson6\GB1Lesson6.csproj", "{134EB89D-67FB-4C04-87CC-7BCAA168E9BC}"
EndProject
Global
	GlobalSection(SolutionConfigurationPlatforms) = preSolution
		Debug|Any CPU = Debug|Any CPU
		Release|Any CPU = Release|Any CPU
	EndGlobalSection
	GlobalSection(ProjectConfigurationPlatforms) = postSolution
		{134EB89D-67FB-4C04-87CC-7BCAA168E9BC}.Debug|Any CPU.ActiveCfg = Debug|Any CPU
		{134EB89D-67FB-4C04-87CC-7BCAA168E9BC}.Debug|Any CPU.Build.0 = Debug|Any CPU
		{134EB89D-67FB-4C04-87CC-7BCAA168E9BC}.Release|Any CPU.ActiveCfg = Release|Any CPU
		{134EB89D-67FB-4C04-87CC-7BCAA168E9BC}.Release|Any CPU.Build.0 = Release|Any CPU
	EndGlobalSection
	GlobalSection(SolutionProperties) = preSolution
		HideSolutionNode = FALSE
	EndGlobalSection
	GlobalSection(ExtensibilityGlobals) = postSolution
		SolutionGuid = {2087062D-292F-4D41-BAEF-2F7EE1D78EC6}
	EndGlobalSection
EndGlobal
