
Microsoft Visual Studio Solution File, Format Version 12.00
# Visual Studio 15
VisualStudioVersion = 15.0.28010.2048
MinimumVisualStudioVersion = 10.0.40219.1
Project("{FAE04EC0-301F-11D3-BF4B-00C04F79EFBC}") = "GB1Lesson4", "GB1Lesson4\GB1Lesson4.csproj", "{BBC59AD5-C072-437B-AC0B-1357413E3046}"
EndProject
Global
	GlobalSection(SolutionConfigurationPlatforms) = preSolution
		Debug|Any CPU = Debug|Any CPU
		Release|Any CPU = Release|Any CPU
	EndGlobalSection
	GlobalSection(ProjectConfigurationPlatforms) = postSolution
		{BBC59AD5-C072-437B-AC0B-1357413E3046}.Debug|Any CPU.ActiveCfg = Debug|Any CPU
		{BBC59AD5-C072-437B-AC0B-1357413E3046}.Debug|Any CPU.Build.0 = Debug|Any CPU
		{BBC59AD5-C072-437B-AC0B-1357413E3046}.Release|Any CPU.ActiveCfg = Release|Any CPU
		{BBC59AD5-C072-437B-AC0B-1357413E3046}.Release|Any CPU.Build.0 = Release|Any CPU
	EndGlobalSection
	GlobalSection(SolutionProperties) = preSolution
		HideSolutionNode = FALSE
	EndGlobalSection
	GlobalSection(ExtensibilityGlobals) = postSolution
		SolutionGuid = {A0F9793E-FEF6-4DC0-B1D3-C195369E592D}
	EndGlobalSection
EndGlobal
