
Microsoft Visual Studio Solution File, Format Version 12.00
# Visual Studio 15
VisualStudioVersion = 15.0.28010.2048
MinimumVisualStudioVersion = 10.0.40219.1
Project("{FAE04EC0-301F-11D3-BF4B-00C04F79EFBC}") = "GB1Lesson2", "GB1Lesson2\GB1Lesson2.csproj", "{CE462500-3307-4128-9D78-E9A9A9D30469}"
EndProject
Global
	GlobalSection(SolutionConfigurationPlatforms) = preSolution
		Debug|Any CPU = Debug|Any CPU
		Release|Any CPU = Release|Any CPU
	EndGlobalSection
	GlobalSection(ProjectConfigurationPlatforms) = postSolution
		{CE462500-3307-4128-9D78-E9A9A9D30469}.Debug|Any CPU.ActiveCfg = Debug|Any CPU
		{CE462500-3307-4128-9D78-E9A9A9D30469}.Debug|Any CPU.Build.0 = Debug|Any CPU
		{CE462500-3307-4128-9D78-E9A9A9D30469}.Release|Any CPU.ActiveCfg = Release|Any CPU
		{CE462500-3307-4128-9D78-E9A9A9D30469}.Release|Any CPU.Build.0 = Release|Any CPU
	EndGlobalSection
	GlobalSection(SolutionProperties) = preSolution
		HideSolutionNode = FALSE
	EndGlobalSection
	GlobalSection(ExtensibilityGlobals) = postSolution
		SolutionGuid = {3E733401-AF6B-4A62-B7D2-8661E53217C4}
	EndGlobalSection
EndGlobal
